{
  "name": "pi-workflow-js-phase16-proof",
  "version": "0.0.0",
  "lockfileVersion": 3,
  "requires": true,
  "packages": {
    "": {
      "name": "pi-workflow-js-phase16-proof",
      "version": "0.0.0",
      "dependencies": {
        "quickjs-wasi": "3.2.0"
      }
    },
    "node_modules/quickjs-wasi": {
      "version": "3.2.0",
      "resolved": "https://registry.npmjs.org/quickjs-wasi/-/quickjs-wasi-3.2.0.tgz",
      "integrity": "sha512-+7ArUWrc1qCtFLjpNVGI47eGih4TKWg3RSB+FfPFtnfZrKlgvCGUUWbClDalFL7lzNAYH82jrPPHsh3LBkuk7g==",
      "license": "MIT"
    }
  }
}
